// !$*UTF8*$!
{
	archiveVersion = 1;
	classes = {
	};
	objectVersion = 56;
	objects = {

/* Begin PBXBuildFile section */
		63D8F8ED2CA57C0300AD17FA /* test1App.swift in Sources */ = {isa = PBXBuildFile; fileRef = 63D8F8EC2CA57C0300AD17FA /* test1App.swift */; };
		63D8F8EF2CA57C0300AD17FA /* ContentView.swift in Sources */ = {isa = PBXBuildFile; fileRef = 63D8F8EE2CA57C0300AD17FA /* ContentView.swift */; };
		63D8F8F12CA57C0400AD17FA /* Assets.xcassets in Resources */ = {isa = PBXBuildFile; fileRef = 63D8F8F02CA57C0400AD17FA /* Assets.xcassets */; };
		63D8F8F42CA57C0400AD17FA /* Preview Assets.xcassets in Resources */ = {isa = PBXBuildFile; fileRef = 63D8F8F32CA57C0400AD17FA /* Preview Assets.xcassets */; };
		63D8F8FE2CA57C0400AD17FA /* test1Tests.swift in Sources */ = {isa = PBXBuildFile; fileRef = 63D8F8FD2CA57C0400AD17FA /* test1Tests.swift */; };
		63D8F9082CA57C0400AD17FA /* test1UITests.swift in Sources */ = {isa = PBXBuildFile; fileRef = 63D8F9072CA57C0400AD17FA /* test1UITests.swift */; };
		63D8F90A2CA57C0400AD17FA /* test1UITestsLaunchTests.swift in Sources */ = {isa = PBXBuildFile; fileRef = 63D8F9092CA57C0400AD17FA /* test1UITestsLaunchTests.swift */; };
/* End PBXBuildFile section */

/* Begin PBXContainerItemProxy section */
		63D8F8FA2CA57C0400AD17FA /* PBXContainerItemProxy */ = {
			isa = PBXContainerItemProxy;
			containerPortal = 63D8F8E12CA57C0300AD17FA /* Project object */;
			proxyType = 1;
			remoteGlobalIDString = 63D8F8E82CA57C0300AD17FA;
			remoteInfo = test1;
		};
		63D8F9042CA57C0400AD17FA /* PBXContainerItemProxy */ = {
			isa = PBXContainerItemProxy;
			containerPortal = 63D8F8E12CA57C0300AD17FA /* Project object */;
			proxyType = 1;
			remoteGlobalIDString = 63D8F8E82CA57C0300AD17FA;
			remoteInfo = test1;
		};
/* End PBXContainerItemProxy section */

/* Begin PBXFileReference section */
		63D8F8E92CA57C0300AD17FA /* test1.app */ = {isa = PBXFileReference; explicitFileType = wrapper.application; includeInIndex = 0; path = test1.app; sourceTree = BUILT_PRODUCTS_DIR; };
		63D8F8EC2CA57C0300AD17FA /* test1App.swift */ = {isa = PBXFileReference; lastKnownFileType = sourcecode.swift; path = test1App.swift; sourceTree = "<group>"; };
		63D8F8EE2CA57C0300AD17FA /* ContentView.swift */ = {isa = PBXFileReference; indentWidth = 4; lastKnownFileType = sourcecode.swift; path = ContentView.swift; sourceTree = "<group>"; };
		63D8F8F02CA57C0400AD17FA /* Assets.xcassets */ = {isa = PBXFileReference; lastKnownFileType = folder.assetcatalog; path = Assets.xcassets; sourceTree = "<group>"; };
		63D8F8F32CA57C0400AD17FA /* Preview Assets.xcassets */ = {isa = PBXFileReference; lastKnownFileType = folder.assetcatalog; path = "Preview Assets.xcassets"; sourceTree = "<group>"; };
		63D8F8F92CA57C0400AD17FA /* test1Tests.xctest */ = {isa = PBXFileReference; explicitFileType = wrapper.cfbundle; includeInIndex = 0; path = test1Tests.xctest; sourceTree = BUILT_PRODUCTS_DIR; };
		63D8F8FD2CA57C0400AD17FA /* test1Tests.swift */ = {isa = PBXFileReference; lastKnownFileType = sourcecode.swift; path = test1Tests.swift; sourceTree = "<group>"; };
		63D8F9032CA57C0400AD17FA /* test1UITests.xctest */ = {isa = PBXFileReference; explicitFileType = wrapper.cfbundle; includeInIndex = 0; path = test1UITests.xctest; sourceTree = BUILT_PRODUCTS_DIR; };
		63D8F9072CA57C0400AD17FA /* test1UITests.swift */ = {isa = PBXFileReference; lastKnownFileType = sourcecode.swift; path = test1UITests.swift; sourceTree = "<group>"; };
		63D8F9092CA57C0400AD17FA /* test1UITestsLaunchTests.swift */ = {isa = PBXFileReference; lastKnownFileType = sourcecode.swift; path = test1UITestsLaunchTests.swift; sourceTree = "<group>"; };
/* End PBXFileReference section */

/* Begin PBXFrameworksBuildPhase section */
		63D8F8E62CA57C0300AD17FA /* Frameworks */ = {
			isa = PBXFrameworksBuildPhase;
			buildActionMask = 2147483647;
			files = (
			);
			runOnlyForDeploymentPostprocessing = 0;
		};
		63D8F8F62CA57C0400AD17FA /* Frameworks */ = {
			isa = PBXFrameworksBuildPhase;
			buildActionMask = 2147483647;
			files = (
			);
			runOnlyForDeploymentPostprocessing = 0;
		};
		63D8F9002CA57C0400AD17FA /* Frameworks */ = {
			isa = PBXFrameworksBuildPhase;
			buildActionMask = 2147483647;
			files = (
			);
			runOnlyForDeploymentPostprocessing = 0;
		};
/* End PBXFrameworksBuildPhase section */

/* Begin PBXGroup section */
		63D8F8E02CA57C0300AD17FA = {
			isa = PBXGroup;
			children = (
				63D8F8EB2CA57C0300AD17FA /* test1 */,
				63D8F8FC2CA57C0400AD17FA /* test1Tests */,
				63D8F9062CA57C0400AD17FA /* test1UITests */,
				63D8F8EA2CA57C0300AD17FA /* Products */,
			);
			sourceTree = "<group>";
		};
		63D8F8EA2CA57C0300AD17FA /* Products */ = {
			isa = PBXGroup;
			children = (
				63D8F8E92CA57C0300AD17FA /* test1.app */,
				63D8F8F92CA57C0400AD17FA /* test1Tests.xctest */,
				63D8F9032CA57C0400AD17FA /* test1UITests.xctest */,
			);
			name = Products;
			sourceTree = "<group>";
		};
		63D8F8EB2CA57C0300AD17FA /* test1 */ = {
			isa = PBXGroup;
			children = (
				63D8F8EC2CA57C0300AD17FA /* test1App.swift */,
				63D8F8EE2CA57C0300AD17FA /* ContentView.swift */,
				63D8F8F02CA57C0400AD17FA /* Assets.xcassets */,
				63D8F8F22CA57C0400AD17FA /* Preview Content */,
			);
			path = test1;
			sourceTree = "<group>";
		};
		63D8F8F22CA57C0400AD17FA /* Preview Content */ = {
			isa = PBXGroup;
			children = (
				63D8F8F32CA57C0400AD17FA /* Preview Assets.xcassets */,
			);
			path = "Preview Content";
			sourceTree = "<group>";
		};
		63D8F8FC2CA57C0400AD17FA /* test1Tests */ = {
			isa = PBXGroup;
			children = (
				63D8F8FD2CA57C0400AD17FA /* test1Tests.swift */,
			);
			path = test1Tests;
			sourceTree = "<group>";
		};
		63D8F9062CA57C0400AD17FA /* test1UITests */ = {
			isa = PBXGroup;
			children = (
				63D8F9072CA57C0400AD17FA /* test1UITests.swift */,
				63D8F9092CA57C0400AD17FA /* test1UITestsLaunchTests.swift */,
			);
			path = test1UITests;
			sourceTree = "<group>";
		};
/* End PBXGroup section */

/* Begin PBXNativeTarget section */
		63D8F8E82CA57C0300AD17FA /* test1 */ = {
			isa = PBXNativeTarget;
			buildConfigurationList = 63D8F90D2CA57C0400AD17FA /* Build configuration list for PBXNativeTarget "test1" */;
			buildPhases = (
				63D8F8E52CA57C0300AD17FA /* Sources */,
				63D8F8E62CA57C0300AD17FA /* Frameworks */,
				63D8F8E72CA57C0300AD17FA /* Resources */,
			);
			buildRules = (
			);
			dependencies = (
			);
			name = test1;
			productName = test1;
			productReference = 63D8F8E92CA57C0300AD17FA /* test1.app */;
			productType = "com.apple.product-type.application";
		};
		63D8F8F82CA57C0400AD17FA /* test1Tests */ = {
			isa = PBXNativeTarget;
			buildConfigurationList = 63D8F9102CA57C0400AD17FA /* Build configuration list for PBXNativeTarget "test1Tests" */;
			buildPhases = (
				63D8F8F52CA57C0400AD17FA /* Sources */,
				63D8F8F62CA57C0400AD17FA /* Frameworks */,
				63D8F8F72CA57C0400AD17FA /* Resources */,
			);
			buildRules = (
			);
			dependencies = (
				63D8F8FB2CA57C0400AD17FA /* PBXTargetDependency */,
			);
			name = test1Tests;
			productName = test1Tests;
			productReference = 63D8F8F92CA57C0400AD17FA /* test1Tests.xctest */;
			productType = "com.apple.product-type.bundle.unit-test";
		};
		63D8F9022CA57C0400AD17FA /* test1UITests */ = {
			isa = PBXNativeTarget;
			buildConfigurationList = 63D8F9132CA57C0400AD17FA /* Build configuration list for PBXNativeTarget "test1UITests" */;
			buildPhases = (
				63D8F8FF2CA57C0400AD17FA /* Sources */,
				63D8F9002CA57C0400AD17FA /* Frameworks */,
				63D8F9012CA57C0400AD17FA /* Resources */,
			);
			buildRules = (
			);
			dependencies = (
				63D8F9052CA57C0400AD17FA /* PBXTargetDependency */,
			);
			name = test1UITests;
			productName = test1UITests;
			productReference = 63D8F9032CA57C0400AD17FA /* test1UITests.xctest */;
			productType = "com.apple.product-type.bundle.ui-testing";
		};
/* End PBXNativeTarget section */

/* Begin PBXProject section */
		63D8F8E12CA57C0300AD17FA /* Project object */ = {
			isa = PBXProject;
			attributes = {
				BuildIndependentTargetsInParallel = 1;
				LastSwiftUpdateCheck = 1540;
				LastUpgradeCheck = 1540;
				TargetAttributes = {
					63D8F8E82CA57C0300AD17FA = {
						CreatedOnToolsVersion = 15.4;
					};
					63D8F8F82CA57C0400AD17FA = {
						CreatedOnToolsVersion = 15.4;
						TestTargetID = 63D8F8E82CA57C0300AD17FA;
					};
					63D8F9022CA57C0400AD17FA = {
						CreatedOnToolsVersion = 15.4;
						TestTargetID = 63D8F8E82CA57C0300AD17FA;
					};
				};
			};
			buildConfigurationList = 63D8F8E42CA57C0300AD17FA /* Build configuration list for PBXProject "test1" */;
			compatibilityVersion = "Xcode 14.0";
			developmentRegion = en;
			hasScannedForEncodings = 0;
			knownRegions = (
				en,
				Base,
			);
			mainGroup = 63D8F8E02CA57C0300AD17FA;
			productRefGroup = 63D8F8EA2CA57C0300AD17FA /* Products */;
			projectDirPath = "";
			projectRoot = "";
			targets = (
				63D8F8E82CA57C0300AD17FA /* test1 */,
				63D8F8F82CA57C0400AD17FA /* test1Tests */,
				63D8F9022CA57C0400AD17FA /* test1UITests */,
			);
		};
/* End PBXProject section */

/* Begin PBXResourcesBuildPhase section */
		63D8F8E72CA57C0300AD17FA /* Resources */ = {
			isa = PBXResourcesBuildPhase;
			buildActionMask = 2147483647;
			files = (
				63D8F8F42CA57C0400AD17FA /* Preview Assets.xcassets in Resources */,
				63D8F8F12CA57C0400AD17FA /* Assets.xcassets in Resources */,
			);
			runOnlyForDeploymentPostprocessing = 0;
		};
		63D8F8F72CA57C0400AD17FA /* Resources */ = {
			isa = PBXResourcesBuildPhase;
			buildActionMask = 2147483647;
			files = (
			);
			runOnlyForDeploymentPostprocessing = 0;
		};
		63D8F9012CA57C0400AD17FA /* Resources */ = {
			isa = PBXResourcesBuildPhase;
			buildActionMask = 2147483647;
			files = (
			);
			runOnlyForDeploymentPostprocessing = 0;
		};
/* End PBXResourcesBuildPhase section */

/* Begin PBXSourcesBuildPhase section */
		63D8F8E52CA57C0300AD17FA /* Sources */ = {
			isa = PBXSourcesBuildPhase;
			buildActionMask = 2147483647;
			files = (
				63D8F8EF2CA57C0300AD17FA /* ContentView.swift in Sources */,
				63D8F8ED2CA57C0300AD17FA /* test1App.swift in Sources */,
			);
			runOnlyForDeploymentPostprocessing = 0;
		};
		63D8F8F52CA57C0400AD17FA /* Sources */ = {
			isa = PBXSourcesBuildPhase;
			buildActionMask = 2147483647;
			files = (
				63D8F8FE2CA57C0400AD17FA /* test1Tests.swift in Sources */,
			);
			runOnlyForDeploymentPostprocessing = 0;
		};
		63D8F8FF2CA57C0400AD17FA /* Sources */ = {
			isa = PBXSourcesBuildPhase;
			buildActionMask = 2147483647;
			files = (
				63D8F90A2CA57C0400AD17FA /* test1UITestsLaunchTests.swift in Sources */,
				63D8F9082CA57C0400AD17FA /* test1UITests.swift in Sources */,
			);
			runOnlyForDeploymentPostprocessing = 0;
		};
/* End PBXSourcesBuildPhase section */

/* Begin PBXTargetDependency section */
		63D8F8FB2CA57C0400AD17FA /* PBXTargetDependency */ = {
			isa = PBXTargetDependency;
			target = 63D8F8E82CA57C0300AD17FA /* test1 */;
			targetProxy = 63D8F8FA2CA57C0400AD17FA /* PBXContainerItemProxy */;
		};
		63D8F9052CA57C0400AD17FA /* PBXTargetDependency */ = {
			isa = PBXTargetDependency;
			target = 63D8F8E82CA57C0300AD17FA /* test1 */;
			targetProxy = 63D8F9042CA57C0400AD17FA /* PBXContainerItemProxy */;
		};
/* End PBXTargetDependency section */

/* Begin XCBuildConfiguration section */
		63D8F90B2CA57C0400AD17FA /* Debug */ = {
			isa = XCBuildConfiguration;
			buildSettings = {
				ALWAYS_SEARCH_USER_PATHS = NO;
				ASSETCATALOG_COMPILER_GENERATE_SWIFT_ASSET_SYMBOL_EXTENSIONS = YES;
				CLANG_ANALYZER_NONNULL = YES;
				CLANG_ANALYZER_NUMBER_OBJECT_CONVERSION = YES_AGGRESSIVE;
				CLANG_CXX_LANGUAGE_STANDARD = "gnu++20";
				CLANG_ENABLE_MODULES = YES;
				CLANG_ENABLE_OBJC_ARC = YES;
				CLANG_ENABLE_OBJC_WEAK = YES;
				CLANG_WARN_BLOCK_CAPTURE_AUTORELEASING = YES;
				CLANG_WARN_BOOL_CONVERSION = YES;
				CLANG_WARN_COMMA = YES;
				CLANG_WARN_CONSTANT_CONVERSION = YES;
				CLANG_WARN_DEPRECATED_OBJC_IMPLEMENTATIONS = YES;
				CLANG_WARN_DIRECT_OBJC_ISA_USAGE = YES_ERROR;
				CLANG_WARN_DOCUMENTATION_COMMENTS = YES;
				CLANG_WARN_EMPTY_BODY = YES;
				CLANG_WARN_ENUM_CONVERSION = YES;
				CLANG_WARN_INFINITE_RECURSION = YES;
				CLANG_WARN_INT_CONVERSION = YES;
				CLANG_WARN_NON_LITERAL_NULL_CONVERSION = YES;
				CLANG_WARN_OBJC_IMPLICIT_RETAIN_SELF = YES;
				CLANG_WARN_OBJC_LITERAL_CONVERSION = YES;
				CLANG_WARN_OBJC_ROOT_CLASS = YES_ERROR;
				CLANG_WARN_QUOTED_INCLUDE_IN_FRAMEWORK_HEADER = YES;
				CLANG_WARN_RANGE_LOOP_ANALYSIS = YES;
				CLANG_WARN_STRICT_PROTOTYPES = YES;
				CLANG_WARN_SUSPICIOUS_MOVE = YES;
				CLANG_WARN_UNGUARDED_AVAILABILITY = YES_AGGRESSIVE;
				CLANG_WARN_UNREACHABLE_CODE = YES;
				CLANG_WARN__DUPLICATE_METHOD_MATCH = YES;
				COPY_PHASE_STRIP = NO;
				DEBUG_INFORMATION_FORMAT = dwarf;
				ENABLE_STRICT_OBJC_MSGSEND = YES;
				ENABLE_TESTABILITY = YES;
				ENABLE_USER_SCRIPT_SANDBOXING = YES;
				GCC_C_LANGUAGE_STANDARD = gnu17;
				GCC_DYNAMIC_NO_PIC = NO;
				GCC_NO_COMMON_BLOCKS = YES;
				GCC_OPTIMIZATION_LEVEL = 0;
				GCC_PREPROCESSOR_DEFINITIONS = (
					"DEBUG=1",
					"$(inherited)",
				);
				GCC_WARN_64_TO_32_BIT_CONVERSION = YES;
				GCC_WARN_ABOUT_RETURN_TYPE = YES_ERROR;
				GCC_WARN_UNDECLARED_SELECTOR = YES;
				GCC_WARN_UNINITIALIZED_AUTOS = YES_AGGRESSIVE;
				GCC_WARN_UNUSED_FUNCTION = YES;
				GCC_WARN_UNUSED_VARIABLE = YES;
				IPHONEOS_DEPLOYMENT_TARGET = 17.5;
				LOCALIZATION_PREFERS_STRING_CATALOGS = YES;
				MTL_ENABLE_DEBUG_INFO = INCLUDE_SOURCE;
				MTL_FAST_MATH = YES;
				ONLY_ACTIVE_ARCH = YES;
				SDKROOT = iphoneos;
				SWIFT_ACTIVE_COMPILATION_CONDITIONS = "DEBUG $(inherited)";
				SWIFT_OPTIMIZATION_LEVEL = "-Onone";
			};
			name = Debug;
		};
		63D8F90C2CA57C0400AD17FA /* Release */ = {
			isa = XCBuildConfiguration;
			buildSettings = {
				ALWAYS_SEARCH_USER_PATHS = NO;
				ASSETCATALOG_COMPILER_GENERATE_SWIFT_ASSET_SYMBOL_EXTENSIONS = YES;
				CLANG_ANALYZER_NONNULL = YES;
				CLANG_ANALYZER_NUMBER_OBJECT_CONVERSION = YES_AGGRESSIVE;
				CLANG_CXX_LANGUAGE_STANDARD = "gnu++20";
				CLANG_ENABLE_MODULES = YES;
				CLANG_ENABLE_OBJC_ARC = YES;
				CLANG_ENABLE_OBJC_WEAK = YES;
				CLANG_WARN_BLOCK_CAPTURE_AUTORELEASING = YES;
				CLANG_WARN_BOOL_CONVERSION = YES;
				CLANG_WARN_COMMA = YES;
				CLANG_WARN_CONSTANT_CONVERSION = YES;
				CLANG_WARN_DEPRECATED_OBJC_IMPLEMENTATIONS = YES;
				CLANG_WARN_DIRECT_OBJC_ISA_USAGE = YES_ERROR;
				CLANG_WARN_DOCUMENTATION_COMMENTS = YES;
				CLANG_WARN_EMPTY_BODY = YES;
				CLANG_WARN_ENUM_CONVERSION = YES;
				CLANG_WARN_INFINITE_RECURSION = YES;
				CLANG_WARN_INT_CONVERSION = YES;
				CLANG_WARN_NON_LITERAL_NULL_CONVERSION = YES;
				CLANG_WARN_OBJC_IMPLICIT_RETAIN_SELF = YES;
				CLANG_WARN_OBJC_LITERAL_CONVERSION = YES;
				CLANG_WARN_OBJC_ROOT_CLASS = YES_ERROR;
				CLANG_WARN_QUOTED_INCLUDE_IN_FRAMEWORK_HEADER = YES;
				CLANG_WARN_RANGE_LOOP_ANALYSIS = YES;
				CLANG_WARN_STRICT_PROTOTYPES = YES;
				CLANG_WARN_SUSPICIOUS_MOVE = YES;
				CLANG_WARN_UNGUARDED_AVAILABILITY = YES_AGGRESSIVE;
				CLANG_WARN_UNREACHABLE_CODE = YES;
				CLANG_WARN__DUPLICATE_METHOD_MATCH = YES;
				COPY_PHASE_STRIP = NO;
				DEBUG_INFORMATION_FORMAT = "dwarf-with-dsym";
				ENABLE_NS_ASSERTIONS = NO;
				ENABLE_STRICT_OBJC_MSGSEND = YES;
				ENABLE_USER_SCRIPT_SANDBOXING = YES;
				GCC_C_LANGUAGE_STANDARD = gnu17;
				GCC_NO_COMMON_BLOCKS = YES;
				GCC_WARN_64_TO_32_BIT_CONVERSION = YES;
				GCC_WARN_ABOUT_RETURN_TYPE = YES_ERROR;
				GCC_WARN_UNDECLARED_SELECTOR = YES;
				GCC_WARN_UNINITIALIZED_AUTOS = YES_AGGRESSIVE;
				GCC_WARN_UNUSED_FUNCTION = YES;
				GCC_WARN_UNUSED_VARIABLE = YES;
				IPHONEOS_DEPLOYMENT_TARGET = 17.5;
				LOCALIZATION_PREFERS_STRING_CATALOGS = YES;
				MTL_ENABLE_DEBUG_INFO = NO;
				MTL_FAST_MATH = YES;
				SDKROOT = iphoneos;
				SWIFT_COMPILATION_MODE = wholemodule;
				VALIDATE_PRODUCT = YES;
			};
			name = Release;
		};
		63D8F90E2CA57C0400AD17FA /* Debug */ = {
			isa = XCBuildConfiguration;
			buildSettings = {
				ASSETCATALOG_COMPILER_APPICON_NAME = AppIcon;
				ASSETCATALOG_COMPILER_GLOBAL_ACCENT_COLOR_NAME = AccentColor;
				CODE_SIGN_STYLE = Automatic;
				CURRENT_PROJECT_VERSION = 1;
				DEVELOPMENT_ASSET_PATHS = "\"test1/Preview Content\"";
				ENABLE_PREVIEWS = YES;
				GENERATE_INFOPLIST_FILE = YES;
				INFOPLIST_KEY_UIApplicationSceneManifest_Generation = YES;
				INFOPLIST_KEY_UIApplicationSupportsIndirectInputEvents = YES;
				INFOPLIST_KEY_UILaunchScreen_Generation = YES;
				INFOPLIST_KEY_UISupportedInterfaceOrientations_iPad = "UIInterfaceOrientationPortrait UIInterfaceOrientationPortraitUpsideDown UIInterfaceOrientationLandscapeLeft UIInterfaceOrientationLandscapeRight";
				INFOPLIST_KEY_UISupportedInterfaceOrientations_iPhone = "UIInterfaceOrientationPortrait UIInterfaceOrientationLandscapeLeft UIInterfaceOrientationLandscapeRight";
				LD_RUNPATH_SEARCH_PATHS = (
					"$(inherited)",
					"@executable_path/Frameworks",
				);
				MARKETING_VERSION = 1.0;
				PRODUCT_BUNDLE_IDENTIFIER = a.test1;
				PRODUCT_NAME = "$(TARGET_NAME)";
				SWIFT_EMIT_LOC_STRINGS = YES;
				SWIFT_VERSION = 5.0;
				TARGETED_DEVICE_FAMILY = "1,2";
			};
			name = Debug;
		};
		63D8F90F2CA57C0400AD17FA /* Release */ = {
			isa = XCBuildConfiguration;
			buildSettings = {
				ASSETCATALOG_COMPILER_APPICON_NAME = AppIcon;
				ASSETCATALOG_COMPILER_GLOBAL_ACCENT_COLOR_NAME = AccentColor;
				CODE_SIGN_STYLE = Automatic;
				CURRENT_PROJECT_VERSION = 1;
				DEVELOPMENT_ASSET_PATHS = "\"test1/Preview Content\"";
				ENABLE_PREVIEWS = YES;
				GENERATE_INFOPLIST_FILE = YES;
				INFOPLIST_KEY_UIApplicationSceneManifest_Generation = YES;
				INFOPLIST_KEY_UIApplicationSupportsIndirectInputEvents = YES;
				INFOPLIST_KEY_UILaunchScreen_Generation = YES;
				INFOPLIST_KEY_UISupportedInterfaceOrientations_iPad = "UIInterfaceOrientationPortrait UIInterfaceOrientationPortraitUpsideDown UIInterfaceOrientationLandscapeLeft UIInterfaceOrientationLandscapeRight";
				INFOPLIST_KEY_UISupportedInterfaceOrientations_iPhone = "UIInterfaceOrientationPortrait UIInterfaceOrientationLandscapeLeft UIInterfaceOrientationLandscapeRight";
				LD_RUNPATH_SEARCH_PATHS = (
					"$(inherited)",
					"@executable_path/Frameworks",
				);
				MARKETING_VERSION = 1.0;
				PRODUCT_BUNDLE_IDENTIFIER = a.test1;
				PRODUCT_NAME = "$(TARGET_NAME)";
				SWIFT_EMIT_LOC_STRINGS = YES;
				SWIFT_VERSION = 5.0;
				TARGETED_DEVICE_FAMILY = "1,2";
			};
			name = Release;
		};
		63D8F9112CA57C0400AD17FA /* Debug */ = {
			isa = XCBuildConfiguration;
			buildSettings = {
				ALWAYS_EMBED_SWIFT_STANDARD_LIBRARIES = YES;
				BUNDLE_LOADER = "$(TEST_HOST)";
				CODE_SIGN_STYLE = Automatic;
				CURRENT_PROJECT_VERSION = 1;
				GENERATE_INFOPLIST_FILE = YES;
				IPHONEOS_DEPLOYMENT_TARGET = 17.5;
				MARKETING_VERSION = 1.0;
				PRODUCT_BUNDLE_IDENTIFIER = a.test1Tests;
				PRODUCT_NAME = "$(TARGET_NAME)";
				SWIFT_EMIT_LOC_STRINGS = NO;
				SWIFT_VERSION = 5.0;
				TARGETED_DEVICE_FAMILY = "1,2";
				TEST_HOST = "$(BUILT_PRODUCTS_DIR)/test1.app/$(BUNDLE_EXECUTABLE_FOLDER_PATH)/test1";
			};
			name = Debug;
		};
		63D8F9122CA57C0400AD17FA /* Release */ = {
			isa = XCBuildConfiguration;
			buildSettings = {
				ALWAYS_EMBED_SWIFT_STANDARD_LIBRARIES = YES;
				BUNDLE_LOADER = "$(TEST_HOST)";
				CODE_SIGN_STYLE = Automatic;
				CURRENT_PROJECT_VERSION = 1;
				GENERATE_INFOPLIST_FILE = YES;
				IPHONEOS_DEPLOYMENT_TARGET = 17.5;
				MARKETING_VERSION = 1.0;
				PRODUCT_BUNDLE_IDENTIFIER = a.test1Tests;
				PRODUCT_NAME = "$(TARGET_NAME)";
				SWIFT_EMIT_LOC_STRINGS = NO;
				SWIFT_VERSION = 5.0;
				TARGETED_DEVICE_FAMILY = "1,2";
				TEST_HOST = "$(BUILT_PRODUCTS_DIR)/test1.app/$(BUNDLE_EXECUTABLE_FOLDER_PATH)/test1";
			};
			name = Release;
		};
		63D8F9142CA57C0400AD17FA /* Debug */ = {
			isa = XCBuildConfiguration;
			buildSettings = {
				ALWAYS_EMBED_SWIFT_STANDARD_LIBRARIES = YES;
				CODE_SIGN_STYLE = Automatic;
				CURRENT_PROJECT_VERSION = 1;
				GENERATE_INFOPLIST_FILE = YES;
				MARKETING_VERSION = 1.0;
				PRODUCT_BUNDLE_IDENTIFIER = a.test1UITests;
				PRODUCT_NAME = "$(TARGET_NAME)";
				SWIFT_EMIT_LOC_STRINGS = NO;
				SWIFT_VERSION = 5.0;
				TARGETED_DEVICE_FAMILY = "1,2";
				TEST_TARGET_NAME = test1;
			};
			name = Debug;
		};
		63D8F9152CA57C0400AD17FA /* Release */ = {
			isa = XCBuildConfiguration;
			buildSettings = {
				ALWAYS_EMBED_SWIFT_STANDARD_LIBRARIES = YES;
				CODE_SIGN_STYLE = Automatic;
				CURRENT_PROJECT_VERSION = 1;
				GENERATE_INFOPLIST_FILE = YES;
				MARKETING_VERSION = 1.0;
				PRODUCT_BUNDLE_IDENTIFIER = a.test1UITests;
				PRODUCT_NAME = "$(TARGET_NAME)";
				SWIFT_EMIT_LOC_STRINGS = NO;
				SWIFT_VERSION = 5.0;
				TARGETED_DEVICE_FAMILY = "1,2";
				TEST_TARGET_NAME = test1;
			};
			name = Release;
		};
/* End XCBuildConfiguration section */

/* Begin XCConfigurationList section */
		63D8F8E42CA57C0300AD17FA /* Build configuration list for PBXProject "test1" */ = {
			isa = XCConfigurationList;
			buildConfigurations = (
				63D8F90B2CA57C0400AD17FA /* Debug */,
				63D8F90C2CA57C0400AD17FA /* Release */,
			);
			defaultConfigurationIsVisible = 0;
			defaultConfigurationName = Release;
		};
		63D8F90D2CA57C0400AD17FA /* Build configuration list for PBXNativeTarget "test1" */ = {
			isa = XCConfigurationList;
			buildConfigurations = (
				63D8F90E2CA57C0400AD17FA /* Debug */,
				63D8F90F2CA57C0400AD17FA /* Release */,
			);
			defaultConfigurationIsVisible = 0;
			defaultConfigurationName = Release;
		};
		63D8F9102CA57C0400AD17FA /* Build configuration list for PBXNativeTarget "test1Tests" */ = {
			isa = XCConfigurationList;
			buildConfigurations = (
				63D8F9112CA57C0400AD17FA /* Debug */,
				63D8F9122CA57C0400AD17FA /* Release */,
			);
			defaultConfigurationIsVisible = 0;
			defaultConfigurationName = Release;
		};
		63D8F9132CA57C0400AD17FA /* Build configuration list for PBXNativeTarget "test1UITests" */ = {
			isa = XCConfigurationList;
			buildConfigurations = (
				63D8F9142CA57C0400AD17FA /* Debug */,
				63D8F9152CA57C0400AD17FA /* Release */,
			);
			defaultConfigurationIsVisible = 0;
			defaultConfigurationName = Release;
		};
/* End XCConfigurationList section */
	};
	rootObject = 63D8F8E12CA57C0300AD17FA /* Project object */;
}
